
Microsoft Visual Studio Solution File, Format Version 12.00
# Visual Studio Version 17
VisualStudioVersion = 17.9.34701.34
MinimumVisualStudioVersion = 10.0.40219.1
Project("{9A19103F-16F7-4668-BE54-9A1E7A4F7556}") = "Demo-theorie", "Demo-theorie\Demo-theorie.csproj", "{C0CB2AE9-9AD6-401E-905F-90203605EA89}"
EndProject
Project("{9A19103F-16F7-4668-BE54-9A1E7A4F7556}") = "Demo-collection", "Demo-collection\Demo-collection.csproj", "{D9911E9F-8A29-4CC3-AEBF-10543B12A412}"
EndProject
Project("{9A19103F-16F7-4668-BE54-9A1E7A4F7556}") = "Exo-collections", "Exo-collections\Exo-collections.csproj", "{A33D0142-3B78-4E32-B6CE-2CFB2B23BFD2}"
EndProject
Project("{9A19103F-16F7-4668-BE54-9A1E7A4F7556}") = "Demo-strucutre", "Demo-strucutre\Demo-strucutre.csproj", "{AE32AC65-004D-480E-A94B-7CD6F82403A5}"
EndProject
Project("{FAE04EC0-301F-11D3-BF4B-00C04F79EFBC}") = "Exo-structure", "Exo-structure\Exo-structure.csproj", "{7C4E712B-DF89-4D8F-844E-061545D4D19F}"
EndProject
Global
	GlobalSection(SolutionConfigurationPlatforms) = preSolution
		Debug|Any CPU = Debug|Any CPU
		Release|Any CPU = Release|Any CPU
	EndGlobalSection
	GlobalSection(ProjectConfigurationPlatforms) = postSolution
		{C0CB2AE9-9AD6-401E-905F-90203605EA89}.Debug|Any CPU.ActiveCfg = Debug|Any CPU
		{C0CB2AE9-9AD6-401E-905F-90203605EA89}.Debug|Any CPU.Build.0 = Debug|Any CPU
		{C0CB2AE9-9AD6-401E-905F-90203605EA89}.Release|Any CPU.ActiveCfg = Release|Any CPU
		{C0CB2AE9-9AD6-401E-905F-90203605EA89}.Release|Any CPU.Build.0 = Release|Any CPU
		{D9911E9F-8A29-4CC3-AEBF-10543B12A412}.Debug|Any CPU.ActiveCfg = Debug|Any CPU
		{D9911E9F-8A29-4CC3-AEBF-10543B12A412}.Debug|Any CPU.Build.0 = Debug|Any CPU
		{D9911E9F-8A29-4CC3-AEBF-10543B12A412}.Release|Any CPU.ActiveCfg = Release|Any CPU
		{D9911E9F-8A29-4CC3-AEBF-10543B12A412}.Release|Any CPU.Build.0 = Release|Any CPU
		{A33D0142-3B78-4E32-B6CE-2CFB2B23BFD2}.Debug|Any CPU.ActiveCfg = Debug|Any CPU
		{A33D0142-3B78-4E32-B6CE-2CFB2B23BFD2}.Debug|Any CPU.Build.0 = Debug|Any CPU
		{A33D0142-3B78-4E32-B6CE-2CFB2B23BFD2}.Release|Any CPU.ActiveCfg = Release|Any CPU
		{A33D0142-3B78-4E32-B6CE-2CFB2B23BFD2}.Release|Any CPU.Build.0 = Release|Any CPU
		{AE32AC65-004D-480E-A94B-7CD6F82403A5}.Debug|Any CPU.ActiveCfg = Debug|Any CPU
		{AE32AC65-004D-480E-A94B-7CD6F82403A5}.Debug|Any CPU.Build.0 = Debug|Any CPU
		{AE32AC65-004D-480E-A94B-7CD6F82403A5}.Release|Any CPU.ActiveCfg = Release|Any CPU
		{AE32AC65-004D-480E-A94B-7CD6F82403A5}.Release|Any CPU.Build.0 = Release|Any CPU
		{7C4E712B-DF89-4D8F-844E-061545D4D19F}.Debug|Any CPU.ActiveCfg = Debug|Any CPU
		{7C4E712B-DF89-4D8F-844E-061545D4D19F}.Debug|Any CPU.Build.0 = Debug|Any CPU
		{7C4E712B-DF89-4D8F-844E-061545D4D19F}.Release|Any CPU.ActiveCfg = Release|Any CPU
		{7C4E712B-DF89-4D8F-844E-061545D4D19F}.Release|Any CPU.Build.0 = Release|Any CPU
	EndGlobalSection
	GlobalSection(SolutionProperties) = preSolution
		HideSolutionNode = FALSE
	EndGlobalSection
	GlobalSection(ExtensibilityGlobals) = postSolution
		SolutionGuid = {93406C5E-4CE8-40C5-8D99-64D83BD40F82}
	EndGlobalSection
EndGlobal
